
Microsoft Visual Studio Solution File, Format Version 12.00
# Visual Studio Version 16
VisualStudioVersion = 16.0.32228.343
MinimumVisualStudioVersion = 10.0.40219.1
Project("{FAE04EC0-301F-11D3-BF4B-00C04F79EFBC}") = "Salariati", "Salariati\Salariati.csproj", "{1342C358-836B-43E7-8F35-A8E9AF8BD41D}"
EndProject
Global
	GlobalSection(SolutionConfigurationPlatforms) = preSolution
		Debug|Any CPU = Debug|Any CPU
		Release|Any CPU = Release|Any CPU
	EndGlobalSection
	GlobalSection(ProjectConfigurationPlatforms) = postSolution
		{1342C358-836B-43E7-8F35-A8E9AF8BD41D}.Debug|Any CPU.ActiveCfg = Debug|Any CPU
		{1342C358-836B-43E7-8F35-A8E9AF8BD41D}.Debug|Any CPU.Build.0 = Debug|Any CPU
		{1342C358-836B-43E7-8F35-A8E9AF8BD41D}.Release|Any CPU.ActiveCfg = Release|Any CPU
		{1342C358-836B-43E7-8F35-A8E9AF8BD41D}.Release|Any CPU.Build.0 = Release|Any CPU
	EndGlobalSection
	GlobalSection(SolutionProperties) = preSolution
		HideSolutionNode = FALSE
	EndGlobalSection
	GlobalSection(ExtensibilityGlobals) = postSolution
		SolutionGuid = {C507AC70-C24C-41BE-831D-9F07881D5067}
	EndGlobalSection
EndGlobal
