
Microsoft Visual Studio Solution File, Format Version 12.00
# Visual Studio Version 16
VisualStudioVersion = 16.0.32228.343
MinimumVisualStudioVersion = 10.0.40219.1
Project("{FAE04EC0-301F-11D3-BF4B-00C04F79EFBC}") = "Proiect_TPBD", "Proiect_TPBD\Proiect_TPBD.csproj", "{2853C9AD-8188-4AFE-901D-D4825E622EA7}"
EndProject
Global
	GlobalSection(SolutionConfigurationPlatforms) = preSolution
		Debug|Any CPU = Debug|Any CPU
		Release|Any CPU = Release|Any CPU
	EndGlobalSection
	GlobalSection(ProjectConfigurationPlatforms) = postSolution
		{2853C9AD-8188-4AFE-901D-D4825E622EA7}.Debug|Any CPU.ActiveCfg = Debug|Any CPU
		{2853C9AD-8188-4AFE-901D-D4825E622EA7}.Debug|Any CPU.Build.0 = Debug|Any CPU
		{2853C9AD-8188-4AFE-901D-D4825E622EA7}.Release|Any CPU.ActiveCfg = Release|Any CPU
		{2853C9AD-8188-4AFE-901D-D4825E622EA7}.Release|Any CPU.Build.0 = Release|Any CPU
	EndGlobalSection
	GlobalSection(SolutionProperties) = preSolution
		HideSolutionNode = FALSE
	EndGlobalSection
	GlobalSection(ExtensibilityGlobals) = postSolution
		SolutionGuid = {42047181-4CCC-485A-A3EB-9F61FE947568}
	EndGlobalSection
EndGlobal
